
Microsoft Visual Studio Solution File, Format Version 12.00
# Visual Studio 14
VisualStudioVersion = 14.0.25420.1
MinimumVisualStudioVersion = 10.0.40219.1
Project("{FAE04EC0-301F-11D3-BF4B-00C04F79EFBC}") = "Epic.WebUI", "Epic\Epic.WebUI.csproj", "{7FBCFEFA-B9EF-4B4C-B5C3-FB04CE3AC6CA}"
EndProject
Project("{FAE04EC0-301F-11D3-BF4B-00C04F79EFBC}") = "Epic.Domain", "Epic.Domain\Epic.Domain.csproj", "{D00BF321-07BE-4CE6-AA78-FCAB51ED28B7}"
EndProject
Global
	GlobalSection(SolutionConfigurationPlatforms) = preSolution
		Debug|Any CPU = Debug|Any CPU
		Release|Any CPU = Release|Any CPU
	EndGlobalSection
	GlobalSection(ProjectConfigurationPlatforms) = postSolution
		{7FBCFEFA-B9EF-4B4C-B5C3-FB04CE3AC6CA}.Debug|Any CPU.ActiveCfg = Debug|Any CPU
		{7FBCFEFA-B9EF-4B4C-B5C3-FB04CE3AC6CA}.Debug|Any CPU.Build.0 = Debug|Any CPU
		{7FBCFEFA-B9EF-4B4C-B5C3-FB04CE3AC6CA}.Release|Any CPU.ActiveCfg = Release|Any CPU
		{7FBCFEFA-B9EF-4B4C-B5C3-FB04CE3AC6CA}.Release|Any CPU.Build.0 = Release|Any CPU
		{D00BF321-07BE-4CE6-AA78-FCAB51ED28B7}.Debug|Any CPU.ActiveCfg = Debug|Any CPU
		{D00BF321-07BE-4CE6-AA78-FCAB51ED28B7}.Debug|Any CPU.Build.0 = Debug|Any CPU
		{D00BF321-07BE-4CE6-AA78-FCAB51ED28B7}.Release|Any CPU.ActiveCfg = Release|Any CPU
		{D00BF321-07BE-4CE6-AA78-FCAB51ED28B7}.Release|Any CPU.Build.0 = Release|Any CPU
	EndGlobalSection
	GlobalSection(SolutionProperties) = preSolution
		HideSolutionNode = FALSE
	EndGlobalSection
EndGlobal
